// !$*UTF8*$!
{
	archiveVersion = 1;
	classes = {
	};
	objectVersion = 50;
	objects = {

/* Begin PBXBuildFile section */
		7D18170724DC26A40001DEAE /* AppDelegate.swift in Sources */ = {isa = PBXBuildFile; fileRef = 7D18170624DC26A40001DEAE /* AppDelegate.swift */; };
		7D18170924DC26A40001DEAE /* SceneDelegate.swift in Sources */ = {isa = PBXBuildFile; fileRef = 7D18170824DC26A40001DEAE /* SceneDelegate.swift */; };
		7D18170B24DC26A40001DEAE /* ViewController.swift in Sources */ = {isa = PBXBuildFile; fileRef = 7D18170A24DC26A40001DEAE /* ViewController.swift */; };
		7D18170E24DC26A40001DEAE /* Main.storyboard in Resources */ = {isa = PBXBuildFile; fileRef = 7D18170C24DC26A40001DEAE /* Main.storyboard */; };
		7D18171024DC26A60001DEAE /* Assets.xcassets in Resources */ = {isa = PBXBuildFile; fileRef = 7D18170F24DC26A60001DEAE /* Assets.xcassets */; };
		7D18171324DC26A60001DEAE /* LaunchScreen.storyboard in Resources */ = {isa = PBXBuildFile; fileRef = 7D18171124DC26A60001DEAE /* LaunchScreen.storyboard */; };
		7D18171B24DC604F0001DEAE /* Constants.swift in Sources */ = {isa = PBXBuildFile; fileRef = 7D18171A24DC604F0001DEAE /* Constants.swift */; };
		7D18171D24DC682D0001DEAE /* Video.swift in Sources */ = {isa = PBXBuildFile; fileRef = 7D18171C24DC682D0001DEAE /* Video.swift */; };
		7D18171F24DC76D40001DEAE /* Model.swift in Sources */ = {isa = PBXBuildFile; fileRef = 7D18171E24DC76D40001DEAE /* Model.swift */; };
		7D18172124DD871D0001DEAE /* Response.swift in Sources */ = {isa = PBXBuildFile; fileRef = 7D18172024DD871D0001DEAE /* Response.swift */; };
		7D18172324DDAD690001DEAE /* ConstantsTemplate.swift in Sources */ = {isa = PBXBuildFile; fileRef = 7D18172224DDAD690001DEAE /* ConstantsTemplate.swift */; };
/* End PBXBuildFile section */

/* Begin PBXFileReference section */
		7D18170324DC26A40001DEAE /* youtube-otb.app */ = {isa = PBXFileReference; explicitFileType = wrapper.application; includeInIndex = 0; path = "youtube-otb.app"; sourceTree = BUILT_PRODUCTS_DIR; };
		7D18170624DC26A40001DEAE /* AppDelegate.swift */ = {isa = PBXFileReference; lastKnownFileType = sourcecode.swift; path = AppDelegate.swift; sourceTree = "<group>"; };
		7D18170824DC26A40001DEAE /* SceneDelegate.swift */ = {isa = PBXFileReference; lastKnownFileType = sourcecode.swift; path = SceneDelegate.swift; sourceTree = "<group>"; };
		7D18170A24DC26A40001DEAE /* ViewController.swift */ = {isa = PBXFileReference; lastKnownFileType = sourcecode.swift; path = ViewController.swift; sourceTree = "<group>"; };
		7D18170D24DC26A40001DEAE /* Base */ = {isa = PBXFileReference; lastKnownFileType = file.storyboard; name = Base; path = Base.lproj/Main.storyboard; sourceTree = "<group>"; };
		7D18170F24DC26A60001DEAE /* Assets.xcassets */ = {isa = PBXFileReference; lastKnownFileType = folder.assetcatalog; path = Assets.xcassets; sourceTree = "<group>"; };
		7D18171224DC26A60001DEAE /* Base */ = {isa = PBXFileReference; lastKnownFileType = file.storyboard; name = Base; path = Base.lproj/LaunchScreen.storyboard; sourceTree = "<group>"; };
		7D18171424DC26A60001DEAE /* Info.plist */ = {isa = PBXFileReference; lastKnownFileType = text.plist.xml; path = Info.plist; sourceTree = "<group>"; };
		7D18171A24DC604F0001DEAE /* Constants.swift */ = {isa = PBXFileReference; lastKnownFileType = sourcecode.swift; path = Constants.swift; sourceTree = "<group>"; };
		7D18171C24DC682D0001DEAE /* Video.swift */ = {isa = PBXFileReference; lastKnownFileType = sourcecode.swift; path = Video.swift; sourceTree = "<group>"; };
		7D18171E24DC76D40001DEAE /* Model.swift */ = {isa = PBXFileReference; lastKnownFileType = sourcecode.swift; path = Model.swift; sourceTree = "<group>"; };
		7D18172024DD871D0001DEAE /* Response.swift */ = {isa = PBXFileReference; lastKnownFileType = sourcecode.swift; path = Response.swift; sourceTree = "<group>"; };
		7D18172224DDAD690001DEAE /* ConstantsTemplate.swift */ = {isa = PBXFileReference; lastKnownFileType = sourcecode.swift; path = ConstantsTemplate.swift; sourceTree = "<group>"; };
/* End PBXFileReference section */

/* Begin PBXFrameworksBuildPhase section */
		7D18170024DC26A40001DEAE /* Frameworks */ = {
			isa = PBXFrameworksBuildPhase;
			buildActionMask = 2147483647;
			files = (
			);
			runOnlyForDeploymentPostprocessing = 0;
		};
/* End PBXFrameworksBuildPhase section */

/* Begin PBXGroup section */
		7D1816FA24DC26A40001DEAE = {
			isa = PBXGroup;
			children = (
				7D18170524DC26A40001DEAE /* youtube-otb */,
				7D18170424DC26A40001DEAE /* Products */,
			);
			sourceTree = "<group>";
		};
		7D18170424DC26A40001DEAE /* Products */ = {
			isa = PBXGroup;
			children = (
				7D18170324DC26A40001DEAE /* youtube-otb.app */,
			);
			name = Products;
			sourceTree = "<group>";
		};
		7D18170524DC26A40001DEAE /* youtube-otb */ = {
			isa = PBXGroup;
			children = (
				7D18170624DC26A40001DEAE /* AppDelegate.swift */,
				7D18170824DC26A40001DEAE /* SceneDelegate.swift */,
				7D18170A24DC26A40001DEAE /* ViewController.swift */,
				7D18170C24DC26A40001DEAE /* Main.storyboard */,
				7D18170F24DC26A60001DEAE /* Assets.xcassets */,
				7D18171124DC26A60001DEAE /* LaunchScreen.storyboard */,
				7D18171424DC26A60001DEAE /* Info.plist */,
				7D18171A24DC604F0001DEAE /* Constants.swift */,
				7D18171C24DC682D0001DEAE /* Video.swift */,
				7D18171E24DC76D40001DEAE /* Model.swift */,
				7D18172024DD871D0001DEAE /* Response.swift */,
				7D18172224DDAD690001DEAE /* ConstantsTemplate.swift */,
			);
			path = "youtube-otb";
			sourceTree = "<group>";
		};
/* End PBXGroup section */

/* Begin PBXNativeTarget section */
		7D18170224DC26A40001DEAE /* youtube-otb */ = {
			isa = PBXNativeTarget;
			buildConfigurationList = 7D18171724DC26A60001DEAE /* Build configuration list for PBXNativeTarget "youtube-otb" */;
			buildPhases = (
				7D1816FF24DC26A40001DEAE /* Sources */,
				7D18170024DC26A40001DEAE /* Frameworks */,
				7D18170124DC26A40001DEAE /* Resources */,
			);
			buildRules = (
			);
			dependencies = (
			);
			name = "youtube-otb";
			productName = "youtube-otb";
			productReference = 7D18170324DC26A40001DEAE /* youtube-otb.app */;
			productType = "com.apple.product-type.application";
		};
/* End PBXNativeTarget section */

/* Begin PBXProject section */
		7D1816FB24DC26A40001DEAE /* Project object */ = {
			isa = PBXProject;
			attributes = {
				LastSwiftUpdateCheck = 1160;
				LastUpgradeCheck = 1160;
				ORGANIZATIONNAME = "MAD Endeavors";
				TargetAttributes = {
					7D18170224DC26A40001DEAE = {
						CreatedOnToolsVersion = 11.6;
					};
				};
			};
			buildConfigurationList = 7D1816FE24DC26A40001DEAE /* Build configuration list for PBXProject "youtube-otb" */;
			compatibilityVersion = "Xcode 9.3";
			developmentRegion = en;
			hasScannedForEncodings = 0;
			knownRegions = (
				en,
				Base,
			);
			mainGroup = 7D1816FA24DC26A40001DEAE;
			productRefGroup = 7D18170424DC26A40001DEAE /* Products */;
			projectDirPath = "";
			projectRoot = "";
			targets = (
				7D18170224DC26A40001DEAE /* youtube-otb */,
			);
		};
/* End PBXProject section */

/* Begin PBXResourcesBuildPhase section */
		7D18170124DC26A40001DEAE /* Resources */ = {
			isa = PBXResourcesBuildPhase;
			buildActionMask = 2147483647;
			files = (
				7D18171324DC26A60001DEAE /* LaunchScreen.storyboard in Resources */,
				7D18171024DC26A60001DEAE /* Assets.xcassets in Resources */,
				7D18170E24DC26A40001DEAE /* Main.storyboard in Resources */,
			);
			runOnlyForDeploymentPostprocessing = 0;
		};
/* End PBXResourcesBuildPhase section */

/* Begin PBXSourcesBuildPhase section */
		7D1816FF24DC26A40001DEAE /* Sources */ = {
			isa = PBXSourcesBuildPhase;
			buildActionMask = 2147483647;
			files = (
				7D18170B24DC26A40001DEAE /* ViewController.swift in Sources */,
				7D18170724DC26A40001DEAE /* AppDelegate.swift in Sources */,
				7D18170924DC26A40001DEAE /* SceneDelegate.swift in Sources */,
				7D18172324DDAD690001DEAE /* ConstantsTemplate.swift in Sources */,
				7D18171F24DC76D40001DEAE /* Model.swift in Sources */,
				7D18171B24DC604F0001DEAE /* Constants.swift in Sources */,
				7D18171D24DC682D0001DEAE /* Video.swift in Sources */,
				7D18172124DD871D0001DEAE /* Response.swift in Sources */,
			);
			runOnlyForDeploymentPostprocessing = 0;
		};
/* End PBXSourcesBuildPhase section */

/* Begin PBXVariantGroup section */
		7D18170C24DC26A40001DEAE /* Main.storyboard */ = {
			isa = PBXVariantGroup;
			children = (
				7D18170D24DC26A40001DEAE /* Base */,
			);
			name = Main.storyboard;
			sourceTree = "<group>";
		};
		7D18171124DC26A60001DEAE /* LaunchScreen.storyboard */ = {
			isa = PBXVariantGroup;
			children = (
				7D18171224DC26A60001DEAE /* Base */,
			);
			name = LaunchScreen.storyboard;
			sourceTree = "<group>";
		};
/* End PBXVariantGroup section */

/* Begin XCBuildConfiguration section */
		7D18171524DC26A60001DEAE /* Debug */ = {
			isa = XCBuildConfiguration;
			buildSettings = {
				ALWAYS_SEARCH_USER_PATHS = NO;
				CLANG_ANALYZER_NONNULL = YES;
				CLANG_ANALYZER_NUMBER_OBJECT_CONVERSION = YES_AGGRESSIVE;
				CLANG_CXX_LANGUAGE_STANDARD = "gnu++14";
				CLANG_CXX_LIBRARY = "libc++";
				CLANG_ENABLE_MODULES = YES;
				CLANG_ENABLE_OBJC_ARC = YES;
				CLANG_ENABLE_OBJC_WEAK = YES;
				CLANG_WARN_BLOCK_CAPTURE_AUTORELEASING = YES;
				CLANG_WARN_BOOL_CONVERSION = YES;
				CLANG_WARN_COMMA = YES;
				CLANG_WARN_CONSTANT_CONVERSION = YES;
				CLANG_WARN_DEPRECATED_OBJC_IMPLEMENTATIONS = YES;
				CLANG_WARN_DIRECT_OBJC_ISA_USAGE = YES_ERROR;
				CLANG_WARN_DOCUMENTATION_COMMENTS = YES;
				CLANG_WARN_EMPTY_BODY = YES;
				CLANG_WARN_ENUM_CONVERSION = YES;
				CLANG_WARN_INFINITE_RECURSION = YES;
				CLANG_WARN_INT_CONVERSION = YES;
				CLANG_WARN_NON_LITERAL_NULL_CONVERSION = YES;
				CLANG_WARN_OBJC_IMPLICIT_RETAIN_SELF = YES;
				CLANG_WARN_OBJC_LITERAL_CONVERSION = YES;
				CLANG_WARN_OBJC_ROOT_CLASS = YES_ERROR;
				CLANG_WARN_RANGE_LOOP_ANALYSIS = YES;
				CLANG_WARN_STRICT_PROTOTYPES = YES;
				CLANG_WARN_SUSPICIOUS_MOVE = YES;
				CLANG_WARN_UNGUARDED_AVAILABILITY = YES_AGGRESSIVE;
				CLANG_WARN_UNREACHABLE_CODE = YES;
				CLANG_WARN__DUPLICATE_METHOD_MATCH = YES;
				COPY_PHASE_STRIP = NO;
				DEBUG_INFORMATION_FORMAT = dwarf;
				ENABLE_STRICT_OBJC_MSGSEND = YES;
				ENABLE_TESTABILITY = YES;
				GCC_C_LANGUAGE_STANDARD = gnu11;
				GCC_DYNAMIC_NO_PIC = NO;
				GCC_NO_COMMON_BLOCKS = YES;
				GCC_OPTIMIZATION_LEVEL = 0;
				GCC_PREPROCESSOR_DEFINITIONS = (
					"DEBUG=1",
					"$(inherited)",
				);
				GCC_WARN_64_TO_32_BIT_CONVERSION = YES;
				GCC_WARN_ABOUT_RETURN_TYPE = YES_ERROR;
				GCC_WARN_UNDECLARED_SELECTOR = YES;
				GCC_WARN_UNINITIALIZED_AUTOS = YES_AGGRESSIVE;
				GCC_WARN_UNUSED_FUNCTION = YES;
				GCC_WARN_UNUSED_VARIABLE = YES;
				IPHONEOS_DEPLOYMENT_TARGET = 13.6;
				MTL_ENABLE_DEBUG_INFO = INCLUDE_SOURCE;
				MTL_FAST_MATH = YES;
				ONLY_ACTIVE_ARCH = YES;
				SDKROOT = iphoneos;
				SWIFT_ACTIVE_COMPILATION_CONDITIONS = DEBUG;
				SWIFT_OPTIMIZATION_LEVEL = "-Onone";
			};
			name = Debug;
		};
		7D18171624DC26A60001DEAE /* Release */ = {
			isa = XCBuildConfiguration;
			buildSettings = {
				ALWAYS_SEARCH_USER_PATHS = NO;
				CLANG_ANALYZER_NONNULL = YES;
				CLANG_ANALYZER_NUMBER_OBJECT_CONVERSION = YES_AGGRESSIVE;
				CLANG_CXX_LANGUAGE_STANDARD = "gnu++14";
				CLANG_CXX_LIBRARY = "libc++";
				CLANG_ENABLE_MODULES = YES;
				CLANG_ENABLE_OBJC_ARC = YES;
				CLANG_ENABLE_OBJC_WEAK = YES;
				CLANG_WARN_BLOCK_CAPTURE_AUTORELEASING = YES;
				CLANG_WARN_BOOL_CONVERSION = YES;
				CLANG_WARN_COMMA = YES;
				CLANG_WARN_CONSTANT_CONVERSION = YES;
				CLANG_WARN_DEPRECATED_OBJC_IMPLEMENTATIONS = YES;
				CLANG_WARN_DIRECT_OBJC_ISA_USAGE = YES_ERROR;
				CLANG_WARN_DOCUMENTATION_COMMENTS = YES;
				CLANG_WARN_EMPTY_BODY = YES;
				CLANG_WARN_ENUM_CONVERSION = YES;
				CLANG_WARN_INFINITE_RECURSION = YES;
				CLANG_WARN_INT_CONVERSION = YES;
				CLANG_WARN_NON_LITERAL_NULL_CONVERSION = YES;
				CLANG_WARN_OBJC_IMPLICIT_RETAIN_SELF = YES;
				CLANG_WARN_OBJC_LITERAL_CONVERSION = YES;
				CLANG_WARN_OBJC_ROOT_CLASS = YES_ERROR;
				CLANG_WARN_RANGE_LOOP_ANALYSIS = YES;
				CLANG_WARN_STRICT_PROTOTYPES = YES;
				CLANG_WARN_SUSPICIOUS_MOVE = YES;
				CLANG_WARN_UNGUARDED_AVAILABILITY = YES_AGGRESSIVE;
				CLANG_WARN_UNREACHABLE_CODE = YES;
				CLANG_WARN__DUPLICATE_METHOD_MATCH = YES;
				COPY_PHASE_STRIP = NO;
				DEBUG_INFORMATION_FORMAT = "dwarf-with-dsym";
				ENABLE_NS_ASSERTIONS = NO;
				ENABLE_STRICT_OBJC_MSGSEND = YES;
				GCC_C_LANGUAGE_STANDARD = gnu11;
				GCC_NO_COMMON_BLOCKS = YES;
				GCC_WARN_64_TO_32_BIT_CONVERSION = YES;
				GCC_WARN_ABOUT_RETURN_TYPE = YES_ERROR;
				GCC_WARN_UNDECLARED_SELECTOR = YES;
				GCC_WARN_UNINITIALIZED_AUTOS = YES_AGGRESSIVE;
				GCC_WARN_UNUSED_FUNCTION = YES;
				GCC_WARN_UNUSED_VARIABLE = YES;
				IPHONEOS_DEPLOYMENT_TARGET = 13.6;
				MTL_ENABLE_DEBUG_INFO = NO;
				MTL_FAST_MATH = YES;
				SDKROOT = iphoneos;
				SWIFT_COMPILATION_MODE = wholemodule;
				SWIFT_OPTIMIZATION_LEVEL = "-O";
				VALIDATE_PRODUCT = YES;
			};
			name = Release;
		};
		7D18171824DC26A60001DEAE /* Debug */ = {
			isa = XCBuildConfiguration;
			buildSettings = {
				ASSETCATALOG_COMPILER_APPICON_NAME = AppIcon;
				CODE_SIGN_STYLE = Automatic;
				DEVELOPMENT_TEAM = 5TRD3A9SN7;
				INFOPLIST_FILE = "youtube-otb/Info.plist";
				LD_RUNPATH_SEARCH_PATHS = (
					"$(inherited)",
					"@executable_path/Frameworks",
				);
				PRODUCT_BUNDLE_IDENTIFIER = "madendeavors.july2020.youtube-otb";
				PRODUCT_NAME = "$(TARGET_NAME)";
				SWIFT_VERSION = 5.0;
				TARGETED_DEVICE_FAMILY = "1,2";
			};
			name = Debug;
		};
		7D18171924DC26A60001DEAE /* Release */ = {
			isa = XCBuildConfiguration;
			buildSettings = {
				ASSETCATALOG_COMPILER_APPICON_NAME = AppIcon;
				CODE_SIGN_STYLE = Automatic;
				DEVELOPMENT_TEAM = 5TRD3A9SN7;
				INFOPLIST_FILE = "youtube-otb/Info.plist";
				LD_RUNPATH_SEARCH_PATHS = (
					"$(inherited)",
					"@executable_path/Frameworks",
				);
				PRODUCT_BUNDLE_IDENTIFIER = "madendeavors.july2020.youtube-otb";
				PRODUCT_NAME = "$(TARGET_NAME)";
				SWIFT_VERSION = 5.0;
				TARGETED_DEVICE_FAMILY = "1,2";
			};
			name = Release;
		};
/* End XCBuildConfiguration section */

/* Begin XCConfigurationList section */
		7D1816FE24DC26A40001DEAE /* Build configuration list for PBXProject "youtube-otb" */ = {
			isa = XCConfigurationList;
			buildConfigurations = (
				7D18171524DC26A60001DEAE /* Debug */,
				7D18171624DC26A60001DEAE /* Release */,
			);
			defaultConfigurationIsVisible = 0;
			defaultConfigurationName = Release;
		};
		7D18171724DC26A60001DEAE /* Build configuration list for PBXNativeTarget "youtube-otb" */ = {
			isa = XCConfigurationList;
			buildConfigurations = (
				7D18171824DC26A60001DEAE /* Debug */,
				7D18171924DC26A60001DEAE /* Release */,
			);
			defaultConfigurationIsVisible = 0;
			defaultConfigurationName = Release;
		};
/* End XCConfigurationList section */
	};
	rootObject = 7D1816FB24DC26A40001DEAE /* Project object */;
}
